// !$*UTF8*$!
{
	archiveVersion = 1;
	classes = {
	};
	objectVersion = 50;
	objects = {

/* Begin PBXBuildFile section */
		922A207E26A7ED8D00ACBFCC /* LoginUIApp.swift in Sources */ = {isa = PBXBuildFile; fileRef = 922A207D26A7ED8D00ACBFCC /* LoginUIApp.swift */; };
		922A208026A7ED8D00ACBFCC /* ContentView.swift in Sources */ = {isa = PBXBuildFile; fileRef = 922A207F26A7ED8D00ACBFCC /* ContentView.swift */; };
		922A208226A7ED8E00ACBFCC /* Assets.xcassets in Resources */ = {isa = PBXBuildFile; fileRef = 922A208126A7ED8E00ACBFCC /* Assets.xcassets */; };
		922A208526A7ED8E00ACBFCC /* Preview Assets.xcassets in Resources */ = {isa = PBXBuildFile; fileRef = 922A208426A7ED8E00ACBFCC /* Preview Assets.xcassets */; };
		922A209126A7EE4200ACBFCC /* Home.swift in Sources */ = {isa = PBXBuildFile; fileRef = 922A209026A7EE4200ACBFCC /* Home.swift */; };
/* End PBXBuildFile section */

/* Begin PBXFileReference section */
		922A207A26A7ED8D00ACBFCC /* LoginUI.app */ = {isa = PBXFileReference; explicitFileType = wrapper.application; includeInIndex = 0; path = LoginUI.app; sourceTree = BUILT_PRODUCTS_DIR; };
		922A207D26A7ED8D00ACBFCC /* LoginUIApp.swift */ = {isa = PBXFileReference; lastKnownFileType = sourcecode.swift; path = LoginUIApp.swift; sourceTree = "<group>"; };
		922A207F26A7ED8D00ACBFCC /* ContentView.swift */ = {isa = PBXFileReference; lastKnownFileType = sourcecode.swift; path = ContentView.swift; sourceTree = "<group>"; };
		922A208126A7ED8E00ACBFCC /* Assets.xcassets */ = {isa = PBXFileReference; lastKnownFileType = folder.assetcatalog; path = Assets.xcassets; sourceTree = "<group>"; };
		922A208426A7ED8E00ACBFCC /* Preview Assets.xcassets */ = {isa = PBXFileReference; lastKnownFileType = folder.assetcatalog; path = "Preview Assets.xcassets"; sourceTree = "<group>"; };
		922A208626A7ED8E00ACBFCC /* Info.plist */ = {isa = PBXFileReference; lastKnownFileType = text.plist.xml; path = Info.plist; sourceTree = "<group>"; };
		922A209026A7EE4200ACBFCC /* Home.swift */ = {isa = PBXFileReference; lastKnownFileType = sourcecode.swift; path = Home.swift; sourceTree = "<group>"; };
/* End PBXFileReference section */

/* Begin PBXFrameworksBuildPhase section */
		922A207726A7ED8D00ACBFCC /* Frameworks */ = {
			isa = PBXFrameworksBuildPhase;
			buildActionMask = 2147483647;
			files = (
			);
			runOnlyForDeploymentPostprocessing = 0;
		};
/* End PBXFrameworksBuildPhase section */

/* Begin PBXGroup section */
		922A207126A7ED8D00ACBFCC = {
			isa = PBXGroup;
			children = (
				922A207C26A7ED8D00ACBFCC /* LoginUI */,
				922A207B26A7ED8D00ACBFCC /* Products */,
			);
			sourceTree = "<group>";
		};
		922A207B26A7ED8D00ACBFCC /* Products */ = {
			isa = PBXGroup;
			children = (
				922A207A26A7ED8D00ACBFCC /* LoginUI.app */,
			);
			name = Products;
			sourceTree = "<group>";
		};
		922A207C26A7ED8D00ACBFCC /* LoginUI */ = {
			isa = PBXGroup;
			children = (
				922A208F26A7EE3A00ACBFCC /* View */,
				922A207D26A7ED8D00ACBFCC /* LoginUIApp.swift */,
				922A207F26A7ED8D00ACBFCC /* ContentView.swift */,
				922A208126A7ED8E00ACBFCC /* Assets.xcassets */,
				922A208626A7ED8E00ACBFCC /* Info.plist */,
				922A208326A7ED8E00ACBFCC /* Preview Content */,
			);
			path = LoginUI;
			sourceTree = "<group>";
		};
		922A208326A7ED8E00ACBFCC /* Preview Content */ = {
			isa = PBXGroup;
			children = (
				922A208426A7ED8E00ACBFCC /* Preview Assets.xcassets */,
			);
			path = "Preview Content";
			sourceTree = "<group>";
		};
		922A208F26A7EE3A00ACBFCC /* View */ = {
			isa = PBXGroup;
			children = (
				922A209026A7EE4200ACBFCC /* Home.swift */,
			);
			path = View;
			sourceTree = "<group>";
		};
/* End PBXGroup section */

/* Begin PBXNativeTarget section */
		922A207926A7ED8D00ACBFCC /* LoginUI */ = {
			isa = PBXNativeTarget;
			buildConfigurationList = 922A208926A7ED8E00ACBFCC /* Build configuration list for PBXNativeTarget "LoginUI" */;
			buildPhases = (
				922A207626A7ED8D00ACBFCC /* Sources */,
				922A207726A7ED8D00ACBFCC /* Frameworks */,
				922A207826A7ED8D00ACBFCC /* Resources */,
			);
			buildRules = (
			);
			dependencies = (
			);
			name = LoginUI;
			productName = LoginUI;
			productReference = 922A207A26A7ED8D00ACBFCC /* LoginUI.app */;
			productType = "com.apple.product-type.application";
		};
/* End PBXNativeTarget section */

/* Begin PBXProject section */
		922A207226A7ED8D00ACBFCC /* Project object */ = {
			isa = PBXProject;
			attributes = {
				LastSwiftUpdateCheck = 1250;
				LastUpgradeCheck = 1250;
				TargetAttributes = {
					922A207926A7ED8D00ACBFCC = {
						CreatedOnToolsVersion = 12.5;
					};
				};
			};
			buildConfigurationList = 922A207526A7ED8D00ACBFCC /* Build configuration list for PBXProject "LoginUI" */;
			compatibilityVersion = "Xcode 9.3";
			developmentRegion = en;
			hasScannedForEncodings = 0;
			knownRegions = (
				en,
				Base,
			);
			mainGroup = 922A207126A7ED8D00ACBFCC;
			productRefGroup = 922A207B26A7ED8D00ACBFCC /* Products */;
			projectDirPath = "";
			projectRoot = "";
			targets = (
				922A207926A7ED8D00ACBFCC /* LoginUI */,
			);
		};
/* End PBXProject section */

/* Begin PBXResourcesBuildPhase section */
		922A207826A7ED8D00ACBFCC /* Resources */ = {
			isa = PBXResourcesBuildPhase;
			buildActionMask = 2147483647;
			files = (
				922A208526A7ED8E00ACBFCC /* Preview Assets.xcassets in Resources */,
				922A208226A7ED8E00ACBFCC /* Assets.xcassets in Resources */,
			);
			runOnlyForDeploymentPostprocessing = 0;
		};
/* End PBXResourcesBuildPhase section */

/* Begin PBXSourcesBuildPhase section */
		922A207626A7ED8D00ACBFCC /* Sources */ = {
			isa = PBXSourcesBuildPhase;
			buildActionMask = 2147483647;
			files = (
				922A208026A7ED8D00ACBFCC /* ContentView.swift in Sources */,
				922A209126A7EE4200ACBFCC /* Home.swift in Sources */,
				922A207E26A7ED8D00ACBFCC /* LoginUIApp.swift in Sources */,
			);
			runOnlyForDeploymentPostprocessing = 0;
		};
/* End PBXSourcesBuildPhase section */

/* Begin XCBuildConfiguration section */
		922A208726A7ED8E00ACBFCC /* Debug */ = {
			isa = XCBuildConfiguration;
			buildSettings = {
				ALWAYS_SEARCH_USER_PATHS = NO;
				CLANG_ANALYZER_NONNULL = YES;
				CLANG_ANALYZER_NUMBER_OBJECT_CONVERSION = YES_AGGRESSIVE;
				CLANG_CXX_LANGUAGE_STANDARD = "gnu++14";
				CLANG_CXX_LIBRARY = "libc++";
				CLANG_ENABLE_MODULES = YES;
				CLANG_ENABLE_OBJC_ARC = YES;
				CLANG_ENABLE_OBJC_WEAK = YES;
				CLANG_WARN_BLOCK_CAPTURE_AUTORELEASING = YES;
				CLANG_WARN_BOOL_CONVERSION = YES;
				CLANG_WARN_COMMA = YES;
				CLANG_WARN_CONSTANT_CONVERSION = YES;
				CLANG_WARN_DEPRECATED_OBJC_IMPLEMENTATIONS = YES;
				CLANG_WARN_DIRECT_OBJC_ISA_USAGE = YES_ERROR;
				CLANG_WARN_DOCUMENTATION_COMMENTS = YES;
				CLANG_WARN_EMPTY_BODY = YES;
				CLANG_WARN_ENUM_CONVERSION = YES;
				CLANG_WARN_INFINITE_RECURSION = YES;
				CLANG_WARN_INT_CONVERSION = YES;
				CLANG_WARN_NON_LITERAL_NULL_CONVERSION = YES;
				CLANG_WARN_OBJC_IMPLICIT_RETAIN_SELF = YES;
				CLANG_WARN_OBJC_LITERAL_CONVERSION = YES;
				CLANG_WARN_OBJC_ROOT_CLASS = YES_ERROR;
				CLANG_WARN_QUOTED_INCLUDE_IN_FRAMEWORK_HEADER = YES;
				CLANG_WARN_RANGE_LOOP_ANALYSIS = YES;
				CLANG_WARN_STRICT_PROTOTYPES = YES;
				CLANG_WARN_SUSPICIOUS_MOVE = YES;
				CLANG_WARN_UNGUARDED_AVAILABILITY = YES_AGGRESSIVE;
				CLANG_WARN_UNREACHABLE_CODE = YES;
				CLANG_WARN__DUPLICATE_METHOD_MATCH = YES;
				COPY_PHASE_STRIP = NO;
				DEBUG_INFORMATION_FORMAT = dwarf;
				ENABLE_STRICT_OBJC_MSGSEND = YES;
				ENABLE_TESTABILITY = YES;
				GCC_C_LANGUAGE_STANDARD = gnu11;
				GCC_DYNAMIC_NO_PIC = NO;
				GCC_NO_COMMON_BLOCKS = YES;
				GCC_OPTIMIZATION_LEVEL = 0;
				GCC_PREPROCESSOR_DEFINITIONS = (
					"DEBUG=1",
					"$(inherited)",
				);
				GCC_WARN_64_TO_32_BIT_CONVERSION = YES;
				GCC_WARN_ABOUT_RETURN_TYPE = YES_ERROR;
				GCC_WARN_UNDECLARED_SELECTOR = YES;
				GCC_WARN_UNINITIALIZED_AUTOS = YES_AGGRESSIVE;
				GCC_WARN_UNUSED_FUNCTION = YES;
				GCC_WARN_UNUSED_VARIABLE = YES;
				IPHONEOS_DEPLOYMENT_TARGET = 14.5;
				MTL_ENABLE_DEBUG_INFO = INCLUDE_SOURCE;
				MTL_FAST_MATH = YES;
				ONLY_ACTIVE_ARCH = YES;
				SDKROOT = iphoneos;
				SWIFT_ACTIVE_COMPILATION_CONDITIONS = DEBUG;
				SWIFT_OPTIMIZATION_LEVEL = "-Onone";
			};
			name = Debug;
		};
		922A208826A7ED8E00ACBFCC /* Release */ = {
			isa = XCBuildConfiguration;
			buildSettings = {
				ALWAYS_SEARCH_USER_PATHS = NO;
				CLANG_ANALYZER_NONNULL = YES;
				CLANG_ANALYZER_NUMBER_OBJECT_CONVERSION = YES_AGGRESSIVE;
				CLANG_CXX_LANGUAGE_STANDARD = "gnu++14";
				CLANG_CXX_LIBRARY = "libc++";
				CLANG_ENABLE_MODULES = YES;
				CLANG_ENABLE_OBJC_ARC = YES;
				CLANG_ENABLE_OBJC_WEAK = YES;
				CLANG_WARN_BLOCK_CAPTURE_AUTORELEASING = YES;
				CLANG_WARN_BOOL_CONVERSION = YES;
				CLANG_WARN_COMMA = YES;
				CLANG_WARN_CONSTANT_CONVERSION = YES;
				CLANG_WARN_DEPRECATED_OBJC_IMPLEMENTATIONS = YES;
				CLANG_WARN_DIRECT_OBJC_ISA_USAGE = YES_ERROR;
				CLANG_WARN_DOCUMENTATION_COMMENTS = YES;
				CLANG_WARN_EMPTY_BODY = YES;
				CLANG_WARN_ENUM_CONVERSION = YES;
				CLANG_WARN_INFINITE_RECURSION = YES;
				CLANG_WARN_INT_CONVERSION = YES;
				CLANG_WARN_NON_LITERAL_NULL_CONVERSION = YES;
				CLANG_WARN_OBJC_IMPLICIT_RETAIN_SELF = YES;
				CLANG_WARN_OBJC_LITERAL_CONVERSION = YES;
				CLANG_WARN_OBJC_ROOT_CLASS = YES_ERROR;
				CLANG_WARN_QUOTED_INCLUDE_IN_FRAMEWORK_HEADER = YES;
				CLANG_WARN_RANGE_LOOP_ANALYSIS = YES;
				CLANG_WARN_STRICT_PROTOTYPES = YES;
				CLANG_WARN_SUSPICIOUS_MOVE = YES;
				CLANG_WARN_UNGUARDED_AVAILABILITY = YES_AGGRESSIVE;
				CLANG_WARN_UNREACHABLE_CODE = YES;
				CLANG_WARN__DUPLICATE_METHOD_MATCH = YES;
				COPY_PHASE_STRIP = NO;
				DEBUG_INFORMATION_FORMAT = "dwarf-with-dsym";
				ENABLE_NS_ASSERTIONS = NO;
				ENABLE_STRICT_OBJC_MSGSEND = YES;
				GCC_C_LANGUAGE_STANDARD = gnu11;
				GCC_NO_COMMON_BLOCKS = YES;
				GCC_WARN_64_TO_32_BIT_CONVERSION = YES;
				GCC_WARN_ABOUT_RETURN_TYPE = YES_ERROR;
				GCC_WARN_UNDECLARED_SELECTOR = YES;
				GCC_WARN_UNINITIALIZED_AUTOS = YES_AGGRESSIVE;
				GCC_WARN_UNUSED_FUNCTION = YES;
				GCC_WARN_UNUSED_VARIABLE = YES;
				IPHONEOS_DEPLOYMENT_TARGET = 14.5;
				MTL_ENABLE_DEBUG_INFO = NO;
				MTL_FAST_MATH = YES;
				SDKROOT = iphoneos;
				SWIFT_COMPILATION_MODE = wholemodule;
				SWIFT_OPTIMIZATION_LEVEL = "-O";
				VALIDATE_PRODUCT = YES;
			};
			name = Release;
		};
		922A208A26A7ED8E00ACBFCC /* Debug */ = {
			isa = XCBuildConfiguration;
			buildSettings = {
				ASSETCATALOG_COMPILER_APPICON_NAME = AppIcon;
				ASSETCATALOG_COMPILER_GLOBAL_ACCENT_COLOR_NAME = AccentColor;
				CODE_SIGN_STYLE = Automatic;
				DEVELOPMENT_ASSET_PATHS = "\"LoginUI/Preview Content\"";
				ENABLE_PREVIEWS = YES;
				INFOPLIST_FILE = LoginUI/Info.plist;
				IPHONEOS_DEPLOYMENT_TARGET = 14.0;
				LD_RUNPATH_SEARCH_PATHS = (
					"$(inherited)",
					"@executable_path/Frameworks",
				);
				PRODUCT_BUNDLE_IDENTIFIER = "com.example.apple-sampleCode.LoginUI";
				PRODUCT_NAME = "$(TARGET_NAME)";
				SWIFT_VERSION = 5.0;
				TARGETED_DEVICE_FAMILY = "1,2";
			};
			name = Debug;
		};
		922A208B26A7ED8E00ACBFCC /* Release */ = {
			isa = XCBuildConfiguration;
			buildSettings = {
				ASSETCATALOG_COMPILER_APPICON_NAME = AppIcon;
				ASSETCATALOG_COMPILER_GLOBAL_ACCENT_COLOR_NAME = AccentColor;
				CODE_SIGN_STYLE = Automatic;
				DEVELOPMENT_ASSET_PATHS = "\"LoginUI/Preview Content\"";
				ENABLE_PREVIEWS = YES;
				INFOPLIST_FILE = LoginUI/Info.plist;
				IPHONEOS_DEPLOYMENT_TARGET = 14.0;
				LD_RUNPATH_SEARCH_PATHS = (
					"$(inherited)",
					"@executable_path/Frameworks",
				);
				PRODUCT_BUNDLE_IDENTIFIER = "com.example.apple-sampleCode.LoginUI";
				PRODUCT_NAME = "$(TARGET_NAME)";
				SWIFT_VERSION = 5.0;
				TARGETED_DEVICE_FAMILY = "1,2";
			};
			name = Release;
		};
/* End XCBuildConfiguration section */

/* Begin XCConfigurationList section */
		922A207526A7ED8D00ACBFCC /* Build configuration list for PBXProject "LoginUI" */ = {
			isa = XCConfigurationList;
			buildConfigurations = (
				922A208726A7ED8E00ACBFCC /* Debug */,
				922A208826A7ED8E00ACBFCC /* Release */,
			);
			defaultConfigurationIsVisible = 0;
			defaultConfigurationName = Release;
		};
		922A208926A7ED8E00ACBFCC /* Build configuration list for PBXNativeTarget "LoginUI" */ = {
			isa = XCConfigurationList;
			buildConfigurations = (
				922A208A26A7ED8E00ACBFCC /* Debug */,
				922A208B26A7ED8E00ACBFCC /* Release */,
			);
			defaultConfigurationIsVisible = 0;
			defaultConfigurationName = Release;
		};
/* End XCConfigurationList section */
	};
	rootObject = 922A207226A7ED8D00ACBFCC /* Project object */;
}
